
Microsoft Visual Studio Solution File, Format Version 12.00
# Visual Studio Version 16
VisualStudioVersion = 16.0.31105.61
MinimumVisualStudioVersion = 10.0.40219.1
Project("{F184B08F-C81C-45F6-A57F-5ABD9991F28F}") = "WriteBarcodes2DVB", "WriteBarcodes2DVB.vbproj", "{B432638E-19E7-424D-BB83-16FC416D5A6B}"
EndProject
Global
	GlobalSection(SolutionConfigurationPlatforms) = preSolution
		Debug|Any CPU = Debug|Any CPU
		Release|Any CPU = Release|Any CPU
	EndGlobalSection
	GlobalSection(ProjectConfigurationPlatforms) = postSolution
		{B432638E-19E7-424D-BB83-16FC416D5A6B}.Debug|Any CPU.ActiveCfg = Debug|Any CPU
		{B432638E-19E7-424D-BB83-16FC416D5A6B}.Debug|Any CPU.Build.0 = Debug|Any CPU
		{B432638E-19E7-424D-BB83-16FC416D5A6B}.Release|Any CPU.ActiveCfg = Release|Any CPU
		{B432638E-19E7-424D-BB83-16FC416D5A6B}.Release|Any CPU.Build.0 = Release|Any CPU
	EndGlobalSection
	GlobalSection(SolutionProperties) = preSolution
		HideSolutionNode = FALSE
	EndGlobalSection
	GlobalSection(ExtensibilityGlobals) = postSolution
		SolutionGuid = {FD5DC179-8970-41F7-86C5-5AC9807221C1}
	EndGlobalSection
EndGlobal
