
Microsoft Visual Studio Solution File, Format Version 12.00
# Visual Studio Version 16
VisualStudioVersion = 16.0.31105.61
MinimumVisualStudioVersion = 10.0.40219.1
Project("{FAE04EC0-301F-11D3-BF4B-00C04F79EFBC}") = "WriteBarcodes2DCSharp", "WriteBarcodes2DCSharp.csproj", "{99D1DD93-FEA2-49A4-8230-6439EEC3EB79}"
EndProject
Global
	GlobalSection(SolutionConfigurationPlatforms) = preSolution
		Debug|Any CPU = Debug|Any CPU
		Release|Any CPU = Release|Any CPU
	EndGlobalSection
	GlobalSection(ProjectConfigurationPlatforms) = postSolution
		{99D1DD93-FEA2-49A4-8230-6439EEC3EB79}.Debug|Any CPU.ActiveCfg = Debug|Any CPU
		{99D1DD93-FEA2-49A4-8230-6439EEC3EB79}.Debug|Any CPU.Build.0 = Debug|Any CPU
		{99D1DD93-FEA2-49A4-8230-6439EEC3EB79}.Release|Any CPU.ActiveCfg = Release|Any CPU
		{99D1DD93-FEA2-49A4-8230-6439EEC3EB79}.Release|Any CPU.Build.0 = Release|Any CPU
	EndGlobalSection
	GlobalSection(SolutionProperties) = preSolution
		HideSolutionNode = FALSE
	EndGlobalSection
	GlobalSection(ExtensibilityGlobals) = postSolution
		SolutionGuid = {3F3E4BA7-960C-47BA-B867-B95943CD1FD8}
	EndGlobalSection
EndGlobal
